
Microsoft Visual Studio Solution File, Format Version 12.00
# Visual Studio Version 16
VisualStudioVersion = 16.0.29123.88
MinimumVisualStudioVersion = 10.0.40219.1
Project("{FAE04EC0-301F-11D3-BF4B-00C04F79EFBC}") = "DigitalClock", "DigitalClock\DigitalClock.csproj", "{B77AB344-DBC3-4BF6-A0D1-6465013A0FE8}"
EndProject
Global
	GlobalSection(SolutionConfigurationPlatforms) = preSolution
		Debug|Any CPU = Debug|Any CPU
		Release|Any CPU = Release|Any CPU
	EndGlobalSection
	GlobalSection(ProjectConfigurationPlatforms) = postSolution
		{B77AB344-DBC3-4BF6-A0D1-6465013A0FE8}.Debug|Any CPU.ActiveCfg = Debug|Any CPU
		{B77AB344-DBC3-4BF6-A0D1-6465013A0FE8}.Debug|Any CPU.Build.0 = Debug|Any CPU
		{B77AB344-DBC3-4BF6-A0D1-6465013A0FE8}.Release|Any CPU.ActiveCfg = Release|Any CPU
		{B77AB344-DBC3-4BF6-A0D1-6465013A0FE8}.Release|Any CPU.Build.0 = Release|Any CPU
	EndGlobalSection
	GlobalSection(SolutionProperties) = preSolution
		HideSolutionNode = FALSE
	EndGlobalSection
	GlobalSection(ExtensibilityGlobals) = postSolution
		SolutionGuid = {6B273F71-0B28-4819-B04D-44AE81FB87C6}
	EndGlobalSection
EndGlobal
